
Microsoft Visual Studio Solution File, Format Version 12.00
# Visual Studio Version 16
VisualStudioVersion = 16.0.31624.102
MinimumVisualStudioVersion = 10.0.40219.1
Project("{FAE04EC0-301F-11D3-BF4B-00C04F79EFBC}") = "15Eylul2021", "15Eylul2021\15Eylul2021.csproj", "{DF7E51D0-6283-48B6-B13A-C332FA446E79}"
EndProject
Project("{FAE04EC0-301F-11D3-BF4B-00C04F79EFBC}") = "15Eylul2021-2", "15Eylul2021-2\15Eylul2021-2.csproj", "{E8942790-3E22-4E39-B53C-9398CE44525F}"
EndProject
Project("{FAE04EC0-301F-11D3-BF4B-00C04F79EFBC}") = "17Eylul2021", "17Eylul2021\17Eylul2021.csproj", "{F3564E26-4404-414B-9ADB-4EDC2C20E4D9}"
EndProject
Project("{FAE04EC0-301F-11D3-BF4B-00C04F79EFBC}") = "17Eylul2021-2", "17Eylul2021-2\17Eylul2021-2.csproj", "{F2463DF1-2098-41AF-BA4A-3E5ACD46EE0D}"
EndProject
Project("{FAE04EC0-301F-11D3-BF4B-00C04F79EFBC}") = "22Eylul2021", "22Eylul2021\22Eylul2021.csproj", "{B5B2CB9F-1FD0-4BCA-AB1A-247DF9B3E979}"
EndProject
Project("{FAE04EC0-301F-11D3-BF4B-00C04F79EFBC}") = "22Eylul2021-GroupBox", "22Eylul2021-GroupBox\22Eylul2021-GroupBox.csproj", "{00377E38-B8E8-477C-A325-859978050DF3}"
EndProject
Project("{FAE04EC0-301F-11D3-BF4B-00C04F79EFBC}") = "22Eylul2021-PictureBox", "22Eylul2021-PictureBox\22Eylul2021-PictureBox.csproj", "{1B722EBF-BC2B-4FF0-88A5-D91B43FFA898}"
EndProject
Project("{FAE04EC0-301F-11D3-BF4B-00C04F79EFBC}") = "22Eylul2021-Listbox", "22Eylul2021-Listbox\22Eylul2021-Listbox.csproj", "{9B158761-F917-47A1-9F97-722C6B705B6B}"
EndProject
Project("{FAE04EC0-301F-11D3-BF4B-00C04F79EFBC}") = "24Eylul2021-Listbox", "24Eylul2021-Listbox\24Eylul2021-Listbox.csproj", "{FB03D6B9-EC17-47D8-9B55-321920C91E42}"
EndProject
Project("{FAE04EC0-301F-11D3-BF4B-00C04F79EFBC}") = "24Eylul2021-Button", "24Eylul2021-Button\24Eylul2021-Button.csproj", "{BCC376F3-3FF7-430A-A863-A5392B3521EA}"
EndProject
Project("{FAE04EC0-301F-11D3-BF4B-00C04F79EFBC}") = "24Eylul2021-GroupBox", "24Eylul2021-GroupBox\24Eylul2021-GroupBox.csproj", "{CAD7C22B-6195-414B-BCF3-45639F166BB7}"
EndProject
Project("{FAE04EC0-301F-11D3-BF4B-00C04F79EFBC}") = "29Eylul2021-radioButton", "29Eylul2021-radioButton\29Eylul2021-radioButton.csproj", "{62FB0F10-D5A7-4AEB-898C-828758FFA492}"
EndProject
Project("{FAE04EC0-301F-11D3-BF4B-00C04F79EFBC}") = "VeriTabani", "veriTabani\VeriTabani.csproj", "{159EE715-F584-4E56-BF36-A0C8CFD55738}"
EndProject
Project("{FAE04EC0-301F-11D3-BF4B-00C04F79EFBC}") = "pascalCase", "pascalCase\pascalCase.csproj", "{921500D4-B586-4A1B-990B-1F268E15D99D}"
EndProject
Project("{FAE04EC0-301F-11D3-BF4B-00C04F79EFBC}") = "6Ekim2021-Convert", "6Ekim2021-Convert\6Ekim2021-Convert.csproj", "{7A472CA0-224C-493B-9BCE-555F1F4F2C37}"
EndProject
Project("{FAE04EC0-301F-11D3-BF4B-00C04F79EFBC}") = "06Ekim2021-Uyg12", "06Ekim2021-Uyg12\06Ekim2021-Uyg12.csproj", "{28187F0B-76E3-453A-9630-4C6BA940A947}"
EndProject
Project("{FAE04EC0-301F-11D3-BF4B-00C04F79EFBC}") = "06Ekim2021-Dortislem", "06Ekim2021-Dortislem\06Ekim2021-Dortislem.csproj", "{82C6C8CF-03DC-4D6E-A68F-3C7F3A9627EB}"
EndProject
Project("{FAE04EC0-301F-11D3-BF4B-00C04F79EFBC}") = "06Ekim2021-KareAlma", "06Ekim2021-KareAlma\06Ekim2021-KareAlma.csproj", "{88A98BF5-1AF2-4AF7-8FC6-D6E86E96314B}"
EndProject
Project("{FAE04EC0-301F-11D3-BF4B-00C04F79EFBC}") = "Progress Bar", "Progress Bar\Progress Bar.csproj", "{656946B0-90C5-4204-AD9A-7466ED72F991}"
EndProject
Project("{FAE04EC0-301F-11D3-BF4B-00C04F79EFBC}") = "13Ekim2021-islemOnceligi1", "13Ekim2021-islemOnceligi1\13Ekim2021-islemOnceligi1.csproj", "{C9E77A84-D6D0-46CB-A917-52F3DB15F7F6}"
EndProject
Project("{FAE04EC0-301F-11D3-BF4B-00C04F79EFBC}") = "13Ekim2021-indirimliUrun", "13Ekim2021-indirimliUrun\13Ekim2021-indirimliUrun.csproj", "{A15B5992-55FD-468A-87BA-487E872DA532}"
EndProject
Project("{FAE04EC0-301F-11D3-BF4B-00C04F79EFBC}") = "13Ekim2021-netHesapla", "13Ekim2021-netHesapla\13Ekim2021-netHesapla.csproj", "{E1218B66-7469-4691-A323-249ACE5E870C}"
EndProject
Project("{FAE04EC0-301F-11D3-BF4B-00C04F79EFBC}") = "15Ekim2021-Soru15", "15Ekim2021-Soru15\15Ekim2021-Soru15.csproj", "{BF7DDC1A-1B7D-4F2B-9AAF-EFD46A21EC1C}"
EndProject
Project("{FAE04EC0-301F-11D3-BF4B-00C04F79EFBC}") = "15Ekim2021-Soru16", "15Ekim2021-Soru16\15Ekim2021-Soru16.csproj", "{AB055057-02F4-4A29-BAC9-DAD1F0CC420F}"
EndProject
Project("{FAE04EC0-301F-11D3-BF4B-00C04F79EFBC}") = "15Ekim2021-if01", "15Ekim2021-if01\15Ekim2021-if01.csproj", "{C81C50FA-38B0-43E5-A50F-FBBD3C5B0B42}"
EndProject
Project("{FAE04EC0-301F-11D3-BF4B-00C04F79EFBC}") = "20Ekim2021-IF-02", "20Ekim2021-IF-02\20Ekim2021-IF-02.csproj", "{4DB945CF-35EC-4C1C-ADB9-9243475B120A}"
EndProject
Project("{FAE04EC0-301F-11D3-BF4B-00C04F79EFBC}") = "20Ekim2021-IF-03", "20Ekim2021-IF-03\20Ekim2021-IF-03.csproj", "{F3BFC04F-DA2F-40E1-A71F-DC458C1B15E8}"
EndProject
Project("{FAE04EC0-301F-11D3-BF4B-00C04F79EFBC}") = "20Ekim2021-IF-04", "20Ekim2021-IF-04\20Ekim2021-IF-04.csproj", "{4FCB88F8-1A25-472B-AF64-598E500C954A}"
EndProject
Project("{FAE04EC0-301F-11D3-BF4B-00C04F79EFBC}") = "20Ekim2021-IFELSE-01", "20Ekim2021-IFELSE-01\20Ekim2021-IFELSE-01.csproj", "{3C35DEDB-2E94-4534-93C0-20AF1B5DF2D1}"
EndProject
Project("{FAE04EC0-301F-11D3-BF4B-00C04F79EFBC}") = "22Ekim2021-IFELSE-01", "22Ekim2021-IFELSE-01\22Ekim2021-IFELSE-01.csproj", "{15D6DAE2-B868-4B91-BB5C-326ED3704D1D}"
EndProject
Project("{FAE04EC0-301F-11D3-BF4B-00C04F79EFBC}") = "22Ekim2021-IFELSE-LambaKombiAcKapa", "22Ekim2021-IFELSE-LambaKombiAcKapa\22Ekim2021-IFELSE-LambaKombiAcKapa.csproj", "{1A1C7CE8-81FD-4101-B522-ED675F7188CF}"
EndProject
Project("{FAE04EC0-301F-11D3-BF4B-00C04F79EFBC}") = "22Ekim2021-IFELSE-02-toplaCarp", "22Ekim2021-IFELSE-02-toplaCarp\22Ekim2021-IFELSE-02-toplaCarp.csproj", "{0EC700A6-719D-44C8-92AC-53DA49790E48}"
EndProject
Project("{FAE04EC0-301F-11D3-BF4B-00C04F79EFBC}") = "27Ekim2021-ElseIf-01", "27Ekim2021-ElseIf-01\27Ekim2021-ElseIf-01.csproj", "{7C41DA5B-C0BF-458C-93D7-C75A66AAA51C}"
EndProject
Project("{FAE04EC0-301F-11D3-BF4B-00C04F79EFBC}") = "27Ekim2021-IFESLE-Hava", "27Ekim2021-IFESLE-Hava\27Ekim2021-IFESLE-Hava.csproj", "{D6536FC4-7E83-402A-ADEC-26CA808B9AF0}"
EndProject
Project("{FAE04EC0-301F-11D3-BF4B-00C04F79EFBC}") = "27Ekim2021-ICICEIF-01", "27Ekim2021-ICICEIF-01\27Ekim2021-ICICEIF-01.csproj", "{7A04166E-D1A7-49ED-A055-E30517FC59D2}"
EndProject
Project("{FAE04EC0-301F-11D3-BF4B-00C04F79EFBC}") = "27Ekim2021-Vize", "27Ekim2021-Vize\27Ekim2021-Vize.csproj", "{2D9EAFF7-4F74-42ED-889A-5922FDC09FE9}"
EndProject
Project("{FAE04EC0-301F-11D3-BF4B-00C04F79EFBC}") = "03112021-ICICEIF-01", "03112021-ICICEIF-01\03112021-ICICEIF-01.csproj", "{0A7A31B2-6EA7-4C0F-B216-249116F86825}"
EndProject
Project("{FAE04EC0-301F-11D3-BF4B-00C04F79EFBC}") = "03112021-switchCase-01", "03112021-switchCase-01\03112021-switchCase-01.csproj", "{CBE6AB45-C68E-48C9-B7D1-8E0B30155483}"
EndProject
Project("{FAE04EC0-301F-11D3-BF4B-00C04F79EFBC}") = "03112021-SwitchCase-02", "03112021-SwitchCase-02\03112021-SwitchCase-02.csproj", "{9F894232-ED4F-4A60-8FC8-9A4BD2311F6C}"
EndProject
Project("{FAE04EC0-301F-11D3-BF4B-00C04F79EFBC}") = "03112021-SwitchCase-03", "03112021-SwitchCase-03\03112021-SwitchCase-03.csproj", "{8FBE287D-6C77-4F98-B073-819DF786968C}"
EndProject
Project("{FAE04EC0-301F-11D3-BF4B-00C04F79EFBC}") = "05112021-MantıksalOp", "05112021-MantıksalOp\05112021-MantıksalOp.csproj", "{67D63D25-6BD9-49BC-80EF-FF7B9DFE18BC}"
EndProject
Project("{FAE04EC0-301F-11D3-BF4B-00C04F79EFBC}") = "05112021-KararSesBar", "05112021-KararSesBar\05112021-KararSesBar.csproj", "{5BF867F3-171D-41A8-A9D7-D532D80FE19A}"
EndProject
Project("{FAE04EC0-301F-11D3-BF4B-00C04F79EFBC}") = "05112021-MantıksalOpAnd", "05112021-MantıksalOpAnd\05112021-MantıksalOpAnd.csproj", "{7758D0C7-1EA3-4D39-9CD1-9A770E38C93C}"
EndProject
Project("{FAE04EC0-301F-11D3-BF4B-00C04F79EFBC}") = "05112021-ManOps-And-02", "05112021-ManOps-And-02\05112021-ManOps-And-02.csproj", "{77E79066-C93A-4C7C-B7FB-CDBB22509641}"
EndProject
Project("{FAE04EC0-301F-11D3-BF4B-00C04F79EFBC}") = "10112021-MantıkOp-VKI", "10112021-MantıkOp-VKI\10112021-MantıkOp-VKI.csproj", "{88734FB7-39BE-4B3F-A6D3-8B521B9D2FAA}"
EndProject
Project("{FAE04EC0-301F-11D3-BF4B-00C04F79EFBC}") = "10112021-mantikOp-BuyukKucukSayi", "10112021-mantikOp-BuyukKucukSayi\10112021-mantikOp-BuyukKucukSayi.csproj", "{9647184A-1D79-41F1-B4D0-5577B0429A61}"
EndProject
Project("{FAE04EC0-301F-11D3-BF4B-00C04F79EFBC}") = "10112021-OR-Odeme", "10112021-OR-Odeme\10112021-OR-Odeme.csproj", "{7D4E675B-821A-4AD5-B18A-AB2166FCCEF3}"
EndProject
Project("{FAE04EC0-301F-11D3-BF4B-00C04F79EFBC}") = "10112021-Form-BackCOlor", "10112021-Form-BackCOlor\10112021-Form-BackCOlor.csproj", "{12272ABD-58E7-473D-B275-B3D1FD98B183}"
EndProject
Project("{9A19103F-16F7-4668-BE54-9A1E7A4F7556}") = "ConsoleApp-Dongule", "ConsoleApp-Dongule\ConsoleApp-Dongule.csproj", "{9EBD4D4E-2E01-4206-B37E-4D02058ABCBF}"
EndProject
Project("{FAE04EC0-301F-11D3-BF4B-00C04F79EFBC}") = "12112021-Donguler-sayac", "12112021-Donguler-sayac\12112021-Donguler-sayac.csproj", "{3F031D99-2528-432E-AC35-9B1D4A265BEA}"
EndProject
Project("{FAE04EC0-301F-11D3-BF4B-00C04F79EFBC}") = "24112021-Donguler-At", "24112021-Donguler-At\24112021-Donguler-At.csproj", "{21C3F209-90CD-4A5A-A24D-BD353B0CF116}"
EndProject
Project("{FAE04EC0-301F-11D3-BF4B-00C04F79EFBC}") = "24112021-For-01", "24112021-For-01\24112021-For-01.csproj", "{9F9BB46E-E190-4988-BD20-4C37670F2CA0}"
EndProject
Project("{FAE04EC0-301F-11D3-BF4B-00C04F79EFBC}") = "24112021-For-02", "24112021-For-02\24112021-For-02.csproj", "{C558D132-96BF-4F5F-A25D-5A69EAD5A9B6}"
EndProject
Global
	GlobalSection(SolutionConfigurationPlatforms) = preSolution
		Debug|Any CPU = Debug|Any CPU
		Release|Any CPU = Release|Any CPU
	EndGlobalSection
	GlobalSection(ProjectConfigurationPlatforms) = postSolution
		{DF7E51D0-6283-48B6-B13A-C332FA446E79}.Debug|Any CPU.ActiveCfg = Debug|Any CPU
		{DF7E51D0-6283-48B6-B13A-C332FA446E79}.Debug|Any CPU.Build.0 = Debug|Any CPU
		{DF7E51D0-6283-48B6-B13A-C332FA446E79}.Release|Any CPU.ActiveCfg = Release|Any CPU
		{DF7E51D0-6283-48B6-B13A-C332FA446E79}.Release|Any CPU.Build.0 = Release|Any CPU
		{E8942790-3E22-4E39-B53C-9398CE44525F}.Debug|Any CPU.ActiveCfg = Debug|Any CPU
		{E8942790-3E22-4E39-B53C-9398CE44525F}.Debug|Any CPU.Build.0 = Debug|Any CPU
		{E8942790-3E22-4E39-B53C-9398CE44525F}.Release|Any CPU.ActiveCfg = Release|Any CPU
		{E8942790-3E22-4E39-B53C-9398CE44525F}.Release|Any CPU.Build.0 = Release|Any CPU
		{F3564E26-4404-414B-9ADB-4EDC2C20E4D9}.Debug|Any CPU.ActiveCfg = Debug|Any CPU
		{F3564E26-4404-414B-9ADB-4EDC2C20E4D9}.Debug|Any CPU.Build.0 = Debug|Any CPU
		{F3564E26-4404-414B-9ADB-4EDC2C20E4D9}.Release|Any CPU.ActiveCfg = Release|Any CPU
		{F3564E26-4404-414B-9ADB-4EDC2C20E4D9}.Release|Any CPU.Build.0 = Release|Any CPU
		{F2463DF1-2098-41AF-BA4A-3E5ACD46EE0D}.Debug|Any CPU.ActiveCfg = Debug|Any CPU
		{F2463DF1-2098-41AF-BA4A-3E5ACD46EE0D}.Debug|Any CPU.Build.0 = Debug|Any CPU
		{F2463DF1-2098-41AF-BA4A-3E5ACD46EE0D}.Release|Any CPU.ActiveCfg = Release|Any CPU
		{F2463DF1-2098-41AF-BA4A-3E5ACD46EE0D}.Release|Any CPU.Build.0 = Release|Any CPU
		{B5B2CB9F-1FD0-4BCA-AB1A-247DF9B3E979}.Debug|Any CPU.ActiveCfg = Debug|Any CPU
		{B5B2CB9F-1FD0-4BCA-AB1A-247DF9B3E979}.Debug|Any CPU.Build.0 = Debug|Any CPU
		{B5B2CB9F-1FD0-4BCA-AB1A-247DF9B3E979}.Release|Any CPU.ActiveCfg = Release|Any CPU
		{B5B2CB9F-1FD0-4BCA-AB1A-247DF9B3E979}.Release|Any CPU.Build.0 = Release|Any CPU
		{00377E38-B8E8-477C-A325-859978050DF3}.Debug|Any CPU.ActiveCfg = Debug|Any CPU
		{00377E38-B8E8-477C-A325-859978050DF3}.Debug|Any CPU.Build.0 = Debug|Any CPU
		{00377E38-B8E8-477C-A325-859978050DF3}.Release|Any CPU.ActiveCfg = Release|Any CPU
		{00377E38-B8E8-477C-A325-859978050DF3}.Release|Any CPU.Build.0 = Release|Any CPU
		{1B722EBF-BC2B-4FF0-88A5-D91B43FFA898}.Debug|Any CPU.ActiveCfg = Debug|Any CPU
		{1B722EBF-BC2B-4FF0-88A5-D91B43FFA898}.Debug|Any CPU.Build.0 = Debug|Any CPU
		{1B722EBF-BC2B-4FF0-88A5-D91B43FFA898}.Release|Any CPU.ActiveCfg = Release|Any CPU
		{1B722EBF-BC2B-4FF0-88A5-D91B43FFA898}.Release|Any CPU.Build.0 = Release|Any CPU
		{9B158761-F917-47A1-9F97-722C6B705B6B}.Debug|Any CPU.ActiveCfg = Debug|Any CPU
		{9B158761-F917-47A1-9F97-722C6B705B6B}.Debug|Any CPU.Build.0 = Debug|Any CPU
		{9B158761-F917-47A1-9F97-722C6B705B6B}.Release|Any CPU.ActiveCfg = Release|Any CPU
		{9B158761-F917-47A1-9F97-722C6B705B6B}.Release|Any CPU.Build.0 = Release|Any CPU
		{FB03D6B9-EC17-47D8-9B55-321920C91E42}.Debug|Any CPU.ActiveCfg = Debug|Any CPU
		{FB03D6B9-EC17-47D8-9B55-321920C91E42}.Debug|Any CPU.Build.0 = Debug|Any CPU
		{FB03D6B9-EC17-47D8-9B55-321920C91E42}.Release|Any CPU.ActiveCfg = Release|Any CPU
		{FB03D6B9-EC17-47D8-9B55-321920C91E42}.Release|Any CPU.Build.0 = Release|Any CPU
		{BCC376F3-3FF7-430A-A863-A5392B3521EA}.Debug|Any CPU.ActiveCfg = Debug|Any CPU
		{BCC376F3-3FF7-430A-A863-A5392B3521EA}.Debug|Any CPU.Build.0 = Debug|Any CPU
		{BCC376F3-3FF7-430A-A863-A5392B3521EA}.Release|Any CPU.ActiveCfg = Release|Any CPU
		{BCC376F3-3FF7-430A-A863-A5392B3521EA}.Release|Any CPU.Build.0 = Release|Any CPU
		{CAD7C22B-6195-414B-BCF3-45639F166BB7}.Debug|Any CPU.ActiveCfg = Debug|Any CPU
		{CAD7C22B-6195-414B-BCF3-45639F166BB7}.Debug|Any CPU.Build.0 = Debug|Any CPU
		{CAD7C22B-6195-414B-BCF3-45639F166BB7}.Release|Any CPU.ActiveCfg = Release|Any CPU
		{CAD7C22B-6195-414B-BCF3-45639F166BB7}.Release|Any CPU.Build.0 = Release|Any CPU
		{62FB0F10-D5A7-4AEB-898C-828758FFA492}.Debug|Any CPU.ActiveCfg = Debug|Any CPU
		{62FB0F10-D5A7-4AEB-898C-828758FFA492}.Debug|Any CPU.Build.0 = Debug|Any CPU
		{62FB0F10-D5A7-4AEB-898C-828758FFA492}.Release|Any CPU.ActiveCfg = Release|Any CPU
		{62FB0F10-D5A7-4AEB-898C-828758FFA492}.Release|Any CPU.Build.0 = Release|Any CPU
		{159EE715-F584-4E56-BF36-A0C8CFD55738}.Debug|Any CPU.ActiveCfg = Debug|Any CPU
		{159EE715-F584-4E56-BF36-A0C8CFD55738}.Debug|Any CPU.Build.0 = Debug|Any CPU
		{159EE715-F584-4E56-BF36-A0C8CFD55738}.Release|Any CPU.ActiveCfg = Release|Any CPU
		{159EE715-F584-4E56-BF36-A0C8CFD55738}.Release|Any CPU.Build.0 = Release|Any CPU
		{921500D4-B586-4A1B-990B-1F268E15D99D}.Debug|Any CPU.ActiveCfg = Debug|Any CPU
		{921500D4-B586-4A1B-990B-1F268E15D99D}.Debug|Any CPU.Build.0 = Debug|Any CPU
		{921500D4-B586-4A1B-990B-1F268E15D99D}.Release|Any CPU.ActiveCfg = Release|Any CPU
		{921500D4-B586-4A1B-990B-1F268E15D99D}.Release|Any CPU.Build.0 = Release|Any CPU
		{7A472CA0-224C-493B-9BCE-555F1F4F2C37}.Debug|Any CPU.ActiveCfg = Debug|Any CPU
		{7A472CA0-224C-493B-9BCE-555F1F4F2C37}.Debug|Any CPU.Build.0 = Debug|Any CPU
		{7A472CA0-224C-493B-9BCE-555F1F4F2C37}.Release|Any CPU.ActiveCfg = Release|Any CPU
		{7A472CA0-224C-493B-9BCE-555F1F4F2C37}.Release|Any CPU.Build.0 = Release|Any CPU
		{28187F0B-76E3-453A-9630-4C6BA940A947}.Debug|Any CPU.ActiveCfg = Debug|Any CPU
		{28187F0B-76E3-453A-9630-4C6BA940A947}.Debug|Any CPU.Build.0 = Debug|Any CPU
		{28187F0B-76E3-453A-9630-4C6BA940A947}.Release|Any CPU.ActiveCfg = Release|Any CPU
		{28187F0B-76E3-453A-9630-4C6BA940A947}.Release|Any CPU.Build.0 = Release|Any CPU
		{82C6C8CF-03DC-4D6E-A68F-3C7F3A9627EB}.Debug|Any CPU.ActiveCfg = Debug|Any CPU
		{82C6C8CF-03DC-4D6E-A68F-3C7F3A9627EB}.Debug|Any CPU.Build.0 = Debug|Any CPU
		{82C6C8CF-03DC-4D6E-A68F-3C7F3A9627EB}.Release|Any CPU.ActiveCfg = Release|Any CPU
		{82C6C8CF-03DC-4D6E-A68F-3C7F3A9627EB}.Release|Any CPU.Build.0 = Release|Any CPU
		{88A98BF5-1AF2-4AF7-8FC6-D6E86E96314B}.Debug|Any CPU.ActiveCfg = Debug|Any CPU
		{88A98BF5-1AF2-4AF7-8FC6-D6E86E96314B}.Debug|Any CPU.Build.0 = Debug|Any CPU
		{88A98BF5-1AF2-4AF7-8FC6-D6E86E96314B}.Release|Any CPU.ActiveCfg = Release|Any CPU
		{88A98BF5-1AF2-4AF7-8FC6-D6E86E96314B}.Release|Any CPU.Build.0 = Release|Any CPU
		{656946B0-90C5-4204-AD9A-7466ED72F991}.Debug|Any CPU.ActiveCfg = Debug|Any CPU
		{656946B0-90C5-4204-AD9A-7466ED72F991}.Debug|Any CPU.Build.0 = Debug|Any CPU
		{656946B0-90C5-4204-AD9A-7466ED72F991}.Release|Any CPU.ActiveCfg = Release|Any CPU
		{656946B0-90C5-4204-AD9A-7466ED72F991}.Release|Any CPU.Build.0 = Release|Any CPU
		{C9E77A84-D6D0-46CB-A917-52F3DB15F7F6}.Debug|Any CPU.ActiveCfg = Debug|Any CPU
		{C9E77A84-D6D0-46CB-A917-52F3DB15F7F6}.Debug|Any CPU.Build.0 = Debug|Any CPU
		{C9E77A84-D6D0-46CB-A917-52F3DB15F7F6}.Release|Any CPU.ActiveCfg = Release|Any CPU
		{C9E77A84-D6D0-46CB-A917-52F3DB15F7F6}.Release|Any CPU.Build.0 = Release|Any CPU
		{A15B5992-55FD-468A-87BA-487E872DA532}.Debug|Any CPU.ActiveCfg = Debug|Any CPU
		{A15B5992-55FD-468A-87BA-487E872DA532}.Debug|Any CPU.Build.0 = Debug|Any CPU
		{A15B5992-55FD-468A-87BA-487E872DA532}.Release|Any CPU.ActiveCfg = Release|Any CPU
		{A15B5992-55FD-468A-87BA-487E872DA532}.Release|Any CPU.Build.0 = Release|Any CPU
		{E1218B66-7469-4691-A323-249ACE5E870C}.Debug|Any CPU.ActiveCfg = Debug|Any CPU
		{E1218B66-7469-4691-A323-249ACE5E870C}.Debug|Any CPU.Build.0 = Debug|Any CPU
		{E1218B66-7469-4691-A323-249ACE5E870C}.Release|Any CPU.ActiveCfg = Release|Any CPU
		{E1218B66-7469-4691-A323-249ACE5E870C}.Release|Any CPU.Build.0 = Release|Any CPU
		{BF7DDC1A-1B7D-4F2B-9AAF-EFD46A21EC1C}.Debug|Any CPU.ActiveCfg = Debug|Any CPU
		{BF7DDC1A-1B7D-4F2B-9AAF-EFD46A21EC1C}.Debug|Any CPU.Build.0 = Debug|Any CPU
		{BF7DDC1A-1B7D-4F2B-9AAF-EFD46A21EC1C}.Release|Any CPU.ActiveCfg = Release|Any CPU
		{BF7DDC1A-1B7D-4F2B-9AAF-EFD46A21EC1C}.Release|Any CPU.Build.0 = Release|Any CPU
		{AB055057-02F4-4A29-BAC9-DAD1F0CC420F}.Debug|Any CPU.ActiveCfg = Debug|Any CPU
		{AB055057-02F4-4A29-BAC9-DAD1F0CC420F}.Debug|Any CPU.Build.0 = Debug|Any CPU
		{AB055057-02F4-4A29-BAC9-DAD1F0CC420F}.Release|Any CPU.ActiveCfg = Release|Any CPU
		{AB055057-02F4-4A29-BAC9-DAD1F0CC420F}.Release|Any CPU.Build.0 = Release|Any CPU
		{C81C50FA-38B0-43E5-A50F-FBBD3C5B0B42}.Debug|Any CPU.ActiveCfg = Debug|Any CPU
		{C81C50FA-38B0-43E5-A50F-FBBD3C5B0B42}.Debug|Any CPU.Build.0 = Debug|Any CPU
		{C81C50FA-38B0-43E5-A50F-FBBD3C5B0B42}.Release|Any CPU.ActiveCfg = Release|Any CPU
		{C81C50FA-38B0-43E5-A50F-FBBD3C5B0B42}.Release|Any CPU.Build.0 = Release|Any CPU
		{4DB945CF-35EC-4C1C-ADB9-9243475B120A}.Debug|Any CPU.ActiveCfg = Debug|Any CPU
		{4DB945CF-35EC-4C1C-ADB9-9243475B120A}.Debug|Any CPU.Build.0 = Debug|Any CPU
		{4DB945CF-35EC-4C1C-ADB9-9243475B120A}.Release|Any CPU.ActiveCfg = Release|Any CPU
		{4DB945CF-35EC-4C1C-ADB9-9243475B120A}.Release|Any CPU.Build.0 = Release|Any CPU
		{F3BFC04F-DA2F-40E1-A71F-DC458C1B15E8}.Debug|Any CPU.ActiveCfg = Debug|Any CPU
		{F3BFC04F-DA2F-40E1-A71F-DC458C1B15E8}.Debug|Any CPU.Build.0 = Debug|Any CPU
		{F3BFC04F-DA2F-40E1-A71F-DC458C1B15E8}.Release|Any CPU.ActiveCfg = Release|Any CPU
		{F3BFC04F-DA2F-40E1-A71F-DC458C1B15E8}.Release|Any CPU.Build.0 = Release|Any CPU
		{4FCB88F8-1A25-472B-AF64-598E500C954A}.Debug|Any CPU.ActiveCfg = Debug|Any CPU
		{4FCB88F8-1A25-472B-AF64-598E500C954A}.Debug|Any CPU.Build.0 = Debug|Any CPU
		{4FCB88F8-1A25-472B-AF64-598E500C954A}.Release|Any CPU.ActiveCfg = Release|Any CPU
		{4FCB88F8-1A25-472B-AF64-598E500C954A}.Release|Any CPU.Build.0 = Release|Any CPU
		{3C35DEDB-2E94-4534-93C0-20AF1B5DF2D1}.Debug|Any CPU.ActiveCfg = Debug|Any CPU
		{3C35DEDB-2E94-4534-93C0-20AF1B5DF2D1}.Debug|Any CPU.Build.0 = Debug|Any CPU
		{3C35DEDB-2E94-4534-93C0-20AF1B5DF2D1}.Release|Any CPU.ActiveCfg = Release|Any CPU
		{3C35DEDB-2E94-4534-93C0-20AF1B5DF2D1}.Release|Any CPU.Build.0 = Release|Any CPU
		{15D6DAE2-B868-4B91-BB5C-326ED3704D1D}.Debug|Any CPU.ActiveCfg = Debug|Any CPU
		{15D6DAE2-B868-4B91-BB5C-326ED3704D1D}.Debug|Any CPU.Build.0 = Debug|Any CPU
		{15D6DAE2-B868-4B91-BB5C-326ED3704D1D}.Release|Any CPU.ActiveCfg = Release|Any CPU
		{15D6DAE2-B868-4B91-BB5C-326ED3704D1D}.Release|Any CPU.Build.0 = Release|Any CPU
		{1A1C7CE8-81FD-4101-B522-ED675F7188CF}.Debug|Any CPU.ActiveCfg = Debug|Any CPU
		{1A1C7CE8-81FD-4101-B522-ED675F7188CF}.Debug|Any CPU.Build.0 = Debug|Any CPU
		{1A1C7CE8-81FD-4101-B522-ED675F7188CF}.Release|Any CPU.ActiveCfg = Release|Any CPU
		{1A1C7CE8-81FD-4101-B522-ED675F7188CF}.Release|Any CPU.Build.0 = Release|Any CPU
		{0EC700A6-719D-44C8-92AC-53DA49790E48}.Debug|Any CPU.ActiveCfg = Debug|Any CPU
		{0EC700A6-719D-44C8-92AC-53DA49790E48}.Debug|Any CPU.Build.0 = Debug|Any CPU
		{0EC700A6-719D-44C8-92AC-53DA49790E48}.Release|Any CPU.ActiveCfg = Release|Any CPU
		{0EC700A6-719D-44C8-92AC-53DA49790E48}.Release|Any CPU.Build.0 = Release|Any CPU
		{7C41DA5B-C0BF-458C-93D7-C75A66AAA51C}.Debug|Any CPU.ActiveCfg = Debug|Any CPU
		{7C41DA5B-C0BF-458C-93D7-C75A66AAA51C}.Debug|Any CPU.Build.0 = Debug|Any CPU
		{7C41DA5B-C0BF-458C-93D7-C75A66AAA51C}.Release|Any CPU.ActiveCfg = Release|Any CPU
		{7C41DA5B-C0BF-458C-93D7-C75A66AAA51C}.Release|Any CPU.Build.0 = Release|Any CPU
		{D6536FC4-7E83-402A-ADEC-26CA808B9AF0}.Debug|Any CPU.ActiveCfg = Debug|Any CPU
		{D6536FC4-7E83-402A-ADEC-26CA808B9AF0}.Debug|Any CPU.Build.0 = Debug|Any CPU
		{D6536FC4-7E83-402A-ADEC-26CA808B9AF0}.Release|Any CPU.ActiveCfg = Release|Any CPU
		{D6536FC4-7E83-402A-ADEC-26CA808B9AF0}.Release|Any CPU.Build.0 = Release|Any CPU
		{7A04166E-D1A7-49ED-A055-E30517FC59D2}.Debug|Any CPU.ActiveCfg = Debug|Any CPU
		{7A04166E-D1A7-49ED-A055-E30517FC59D2}.Debug|Any CPU.Build.0 = Debug|Any CPU
		{7A04166E-D1A7-49ED-A055-E30517FC59D2}.Release|Any CPU.ActiveCfg = Release|Any CPU
		{7A04166E-D1A7-49ED-A055-E30517FC59D2}.Release|Any CPU.Build.0 = Release|Any CPU
		{2D9EAFF7-4F74-42ED-889A-5922FDC09FE9}.Debug|Any CPU.ActiveCfg = Debug|Any CPU
		{2D9EAFF7-4F74-42ED-889A-5922FDC09FE9}.Debug|Any CPU.Build.0 = Debug|Any CPU
		{2D9EAFF7-4F74-42ED-889A-5922FDC09FE9}.Release|Any CPU.ActiveCfg = Release|Any CPU
		{2D9EAFF7-4F74-42ED-889A-5922FDC09FE9}.Release|Any CPU.Build.0 = Release|Any CPU
		{0A7A31B2-6EA7-4C0F-B216-249116F86825}.Debug|Any CPU.ActiveCfg = Debug|Any CPU
		{0A7A31B2-6EA7-4C0F-B216-249116F86825}.Debug|Any CPU.Build.0 = Debug|Any CPU
		{0A7A31B2-6EA7-4C0F-B216-249116F86825}.Release|Any CPU.ActiveCfg = Release|Any CPU
		{0A7A31B2-6EA7-4C0F-B216-249116F86825}.Release|Any CPU.Build.0 = Release|Any CPU
		{CBE6AB45-C68E-48C9-B7D1-8E0B30155483}.Debug|Any CPU.ActiveCfg = Debug|Any CPU
		{CBE6AB45-C68E-48C9-B7D1-8E0B30155483}.Debug|Any CPU.Build.0 = Debug|Any CPU
		{CBE6AB45-C68E-48C9-B7D1-8E0B30155483}.Release|Any CPU.ActiveCfg = Release|Any CPU
		{CBE6AB45-C68E-48C9-B7D1-8E0B30155483}.Release|Any CPU.Build.0 = Release|Any CPU
		{9F894232-ED4F-4A60-8FC8-9A4BD2311F6C}.Debug|Any CPU.ActiveCfg = Debug|Any CPU
		{9F894232-ED4F-4A60-8FC8-9A4BD2311F6C}.Debug|Any CPU.Build.0 = Debug|Any CPU
		{9F894232-ED4F-4A60-8FC8-9A4BD2311F6C}.Release|Any CPU.ActiveCfg = Release|Any CPU
		{9F894232-ED4F-4A60-8FC8-9A4BD2311F6C}.Release|Any CPU.Build.0 = Release|Any CPU
		{8FBE287D-6C77-4F98-B073-819DF786968C}.Debug|Any CPU.ActiveCfg = Debug|Any CPU
		{8FBE287D-6C77-4F98-B073-819DF786968C}.Debug|Any CPU.Build.0 = Debug|Any CPU
		{8FBE287D-6C77-4F98-B073-819DF786968C}.Release|Any CPU.ActiveCfg = Release|Any CPU
		{8FBE287D-6C77-4F98-B073-819DF786968C}.Release|Any CPU.Build.0 = Release|Any CPU
		{67D63D25-6BD9-49BC-80EF-FF7B9DFE18BC}.Debug|Any CPU.ActiveCfg = Debug|Any CPU
		{67D63D25-6BD9-49BC-80EF-FF7B9DFE18BC}.Debug|Any CPU.Build.0 = Debug|Any CPU
		{67D63D25-6BD9-49BC-80EF-FF7B9DFE18BC}.Release|Any CPU.ActiveCfg = Release|Any CPU
		{67D63D25-6BD9-49BC-80EF-FF7B9DFE18BC}.Release|Any CPU.Build.0 = Release|Any CPU
		{5BF867F3-171D-41A8-A9D7-D532D80FE19A}.Debug|Any CPU.ActiveCfg = Debug|Any CPU
		{5BF867F3-171D-41A8-A9D7-D532D80FE19A}.Debug|Any CPU.Build.0 = Debug|Any CPU
		{5BF867F3-171D-41A8-A9D7-D532D80FE19A}.Release|Any CPU.ActiveCfg = Release|Any CPU
		{5BF867F3-171D-41A8-A9D7-D532D80FE19A}.Release|Any CPU.Build.0 = Release|Any CPU
		{7758D0C7-1EA3-4D39-9CD1-9A770E38C93C}.Debug|Any CPU.ActiveCfg = Debug|Any CPU
		{7758D0C7-1EA3-4D39-9CD1-9A770E38C93C}.Debug|Any CPU.Build.0 = Debug|Any CPU
		{7758D0C7-1EA3-4D39-9CD1-9A770E38C93C}.Release|Any CPU.ActiveCfg = Release|Any CPU
		{7758D0C7-1EA3-4D39-9CD1-9A770E38C93C}.Release|Any CPU.Build.0 = Release|Any CPU
		{77E79066-C93A-4C7C-B7FB-CDBB22509641}.Debug|Any CPU.ActiveCfg = Debug|Any CPU
		{77E79066-C93A-4C7C-B7FB-CDBB22509641}.Debug|Any CPU.Build.0 = Debug|Any CPU
		{77E79066-C93A-4C7C-B7FB-CDBB22509641}.Release|Any CPU.ActiveCfg = Release|Any CPU
		{77E79066-C93A-4C7C-B7FB-CDBB22509641}.Release|Any CPU.Build.0 = Release|Any CPU
		{88734FB7-39BE-4B3F-A6D3-8B521B9D2FAA}.Debug|Any CPU.ActiveCfg = Debug|Any CPU
		{88734FB7-39BE-4B3F-A6D3-8B521B9D2FAA}.Debug|Any CPU.Build.0 = Debug|Any CPU
		{88734FB7-39BE-4B3F-A6D3-8B521B9D2FAA}.Release|Any CPU.ActiveCfg = Release|Any CPU
		{88734FB7-39BE-4B3F-A6D3-8B521B9D2FAA}.Release|Any CPU.Build.0 = Release|Any CPU
		{9647184A-1D79-41F1-B4D0-5577B0429A61}.Debug|Any CPU.ActiveCfg = Debug|Any CPU
		{9647184A-1D79-41F1-B4D0-5577B0429A61}.Debug|Any CPU.Build.0 = Debug|Any CPU
		{9647184A-1D79-41F1-B4D0-5577B0429A61}.Release|Any CPU.ActiveCfg = Release|Any CPU
		{9647184A-1D79-41F1-B4D0-5577B0429A61}.Release|Any CPU.Build.0 = Release|Any CPU
		{7D4E675B-821A-4AD5-B18A-AB2166FCCEF3}.Debug|Any CPU.ActiveCfg = Debug|Any CPU
		{7D4E675B-821A-4AD5-B18A-AB2166FCCEF3}.Debug|Any CPU.Build.0 = Debug|Any CPU
		{7D4E675B-821A-4AD5-B18A-AB2166FCCEF3}.Release|Any CPU.ActiveCfg = Release|Any CPU
		{7D4E675B-821A-4AD5-B18A-AB2166FCCEF3}.Release|Any CPU.Build.0 = Release|Any CPU
		{12272ABD-58E7-473D-B275-B3D1FD98B183}.Debug|Any CPU.ActiveCfg = Debug|Any CPU
		{12272ABD-58E7-473D-B275-B3D1FD98B183}.Debug|Any CPU.Build.0 = Debug|Any CPU
		{12272ABD-58E7-473D-B275-B3D1FD98B183}.Release|Any CPU.ActiveCfg = Release|Any CPU
		{12272ABD-58E7-473D-B275-B3D1FD98B183}.Release|Any CPU.Build.0 = Release|Any CPU
		{9EBD4D4E-2E01-4206-B37E-4D02058ABCBF}.Debug|Any CPU.ActiveCfg = Debug|Any CPU
		{9EBD4D4E-2E01-4206-B37E-4D02058ABCBF}.Debug|Any CPU.Build.0 = Debug|Any CPU
		{9EBD4D4E-2E01-4206-B37E-4D02058ABCBF}.Release|Any CPU.ActiveCfg = Release|Any CPU
		{9EBD4D4E-2E01-4206-B37E-4D02058ABCBF}.Release|Any CPU.Build.0 = Release|Any CPU
		{3F031D99-2528-432E-AC35-9B1D4A265BEA}.Debug|Any CPU.ActiveCfg = Debug|Any CPU
		{3F031D99-2528-432E-AC35-9B1D4A265BEA}.Debug|Any CPU.Build.0 = Debug|Any CPU
		{3F031D99-2528-432E-AC35-9B1D4A265BEA}.Release|Any CPU.ActiveCfg = Release|Any CPU
		{3F031D99-2528-432E-AC35-9B1D4A265BEA}.Release|Any CPU.Build.0 = Release|Any CPU
		{21C3F209-90CD-4A5A-A24D-BD353B0CF116}.Debug|Any CPU.ActiveCfg = Debug|Any CPU
		{21C3F209-90CD-4A5A-A24D-BD353B0CF116}.Debug|Any CPU.Build.0 = Debug|Any CPU
		{21C3F209-90CD-4A5A-A24D-BD353B0CF116}.Release|Any CPU.ActiveCfg = Release|Any CPU
		{21C3F209-90CD-4A5A-A24D-BD353B0CF116}.Release|Any CPU.Build.0 = Release|Any CPU
		{9F9BB46E-E190-4988-BD20-4C37670F2CA0}.Debug|Any CPU.ActiveCfg = Debug|Any CPU
		{9F9BB46E-E190-4988-BD20-4C37670F2CA0}.Debug|Any CPU.Build.0 = Debug|Any CPU
		{9F9BB46E-E190-4988-BD20-4C37670F2CA0}.Release|Any CPU.ActiveCfg = Release|Any CPU
		{9F9BB46E-E190-4988-BD20-4C37670F2CA0}.Release|Any CPU.Build.0 = Release|Any CPU
		{C558D132-96BF-4F5F-A25D-5A69EAD5A9B6}.Debug|Any CPU.ActiveCfg = Debug|Any CPU
		{C558D132-96BF-4F5F-A25D-5A69EAD5A9B6}.Debug|Any CPU.Build.0 = Debug|Any CPU
		{C558D132-96BF-4F5F-A25D-5A69EAD5A9B6}.Release|Any CPU.ActiveCfg = Release|Any CPU
		{C558D132-96BF-4F5F-A25D-5A69EAD5A9B6}.Release|Any CPU.Build.0 = Release|Any CPU
	EndGlobalSection
	GlobalSection(SolutionProperties) = preSolution
		HideSolutionNode = FALSE
	EndGlobalSection
	GlobalSection(ExtensibilityGlobals) = postSolution
		SolutionGuid = {F9C09C10-6E12-40BF-8865-0411A9C79E34}
	EndGlobalSection
EndGlobal
